
Microsoft Visual Studio Solution File, Format Version 12.00
# Visual Studio Version 17
VisualStudioVersion = 17.14.36301.6 d17.14
MinimumVisualStudioVersion = 10.0.40219.1
Project("{FAE04EC0-301F-11D3-BF4B-00C04F79EFBC}") = "SingnalRChatAOTExample", "SingnalRChatAOTExample\SingnalRChatAOTExample.csproj", "{AEA22DC8-87EA-4FD4-9158-AEECA581291F}"
EndProject
Global
	GlobalSection(SolutionConfigurationPlatforms) = preSolution
		Debug|Any CPU = Debug|Any CPU
		Release|Any CPU = Release|Any CPU
	EndGlobalSection
	GlobalSection(ProjectConfigurationPlatforms) = postSolution
		{AEA22DC8-87EA-4FD4-9158-AEECA581291F}.Debug|Any CPU.ActiveCfg = Debug|Any CPU
		{AEA22DC8-87EA-4FD4-9158-AEECA581291F}.Debug|Any CPU.Build.0 = Debug|Any CPU
		{AEA22DC8-87EA-4FD4-9158-AEECA581291F}.Release|Any CPU.ActiveCfg = Release|Any CPU
		{AEA22DC8-87EA-4FD4-9158-AEECA581291F}.Release|Any CPU.Build.0 = Release|Any CPU
	EndGlobalSection
	GlobalSection(SolutionProperties) = preSolution
		HideSolutionNode = FALSE
	EndGlobalSection
	GlobalSection(ExtensibilityGlobals) = postSolution
		SolutionGuid = {FA7FF726-EDB9-4DAC-9F93-2F1C8D2E5A6F}
	EndGlobalSection
EndGlobal
